
Microsoft Visual Studio Solution File, Format Version 12.00
# Visual Studio 14
VisualStudioVersion = 14.0.25420.1
MinimumVisualStudioVersion = 10.0.40219.1
Project("{2150E333-8FDC-42A3-9474-1A3956D46DE8}") = "Solution Items", "Solution Items", "{9B68A929-EF4F-432A-ADA9-05B4F7FCE8A5}"
	ProjectSection(SolutionItems) = preProject
		global.json = global.json
	EndProjectSection
EndProject
Project("{2150E333-8FDC-42A3-9474-1A3956D46DE8}") = "src", "src", "{AC3579FB-C231-414C-B2CC-9152B9C87ABB}"
EndProject
Project("{2150E333-8FDC-42A3-9474-1A3956D46DE8}") = "test", "test", "{ED398645-4E02-4907-974A-01C00A380A54}"
EndProject
Project("{8BB2217D-0F2D-49D1-97BC-3654ED321F3B}") = "AliyunSDK.OpenSearch", "src\AliyunSDK.OpenSearch\AliyunSDK.OpenSearch.xproj", "{DD5A7DC8-BBDC-49F8-855C-3C4CD27A0AAC}"
EndProject
Project("{8BB2217D-0F2D-49D1-97BC-3654ED321F3B}") = "AliyunSDK.OpenSearch.Tests", "test\AliyunSDK.OpenSearch.Tests\AliyunSDK.OpenSearch.Tests.xproj", "{31405E6B-F0C5-46F2-B881-4D8F70DF7391}"
EndProject
Project("{8BB2217D-0F2D-49D1-97BC-3654ED321F3B}") = "AliyunSDK.OpenSearch.Sample", "src\AliyunSDK.OpenSearch.Sample\AliyunSDK.OpenSearch.Sample.xproj", "{5410184B-3DB8-460C-9EB6-30A3B3A4BDEB}"
EndProject
Global
	GlobalSection(SolutionConfigurationPlatforms) = preSolution
		Debug|Any CPU = Debug|Any CPU
		Release|Any CPU = Release|Any CPU
	EndGlobalSection
	GlobalSection(ProjectConfigurationPlatforms) = postSolution
		{DD5A7DC8-BBDC-49F8-855C-3C4CD27A0AAC}.Debug|Any CPU.ActiveCfg = Debug|Any CPU
		{DD5A7DC8-BBDC-49F8-855C-3C4CD27A0AAC}.Debug|Any CPU.Build.0 = Debug|Any CPU
		{DD5A7DC8-BBDC-49F8-855C-3C4CD27A0AAC}.Release|Any CPU.ActiveCfg = Release|Any CPU
		{DD5A7DC8-BBDC-49F8-855C-3C4CD27A0AAC}.Release|Any CPU.Build.0 = Release|Any CPU
		{31405E6B-F0C5-46F2-B881-4D8F70DF7391}.Debug|Any CPU.ActiveCfg = Debug|Any CPU
		{31405E6B-F0C5-46F2-B881-4D8F70DF7391}.Debug|Any CPU.Build.0 = Debug|Any CPU
		{31405E6B-F0C5-46F2-B881-4D8F70DF7391}.Release|Any CPU.ActiveCfg = Release|Any CPU
		{31405E6B-F0C5-46F2-B881-4D8F70DF7391}.Release|Any CPU.Build.0 = Release|Any CPU
		{5410184B-3DB8-460C-9EB6-30A3B3A4BDEB}.Debug|Any CPU.ActiveCfg = Debug|Any CPU
		{5410184B-3DB8-460C-9EB6-30A3B3A4BDEB}.Debug|Any CPU.Build.0 = Debug|Any CPU
		{5410184B-3DB8-460C-9EB6-30A3B3A4BDEB}.Release|Any CPU.ActiveCfg = Release|Any CPU
		{5410184B-3DB8-460C-9EB6-30A3B3A4BDEB}.Release|Any CPU.Build.0 = Release|Any CPU
	EndGlobalSection
	GlobalSection(SolutionProperties) = preSolution
		HideSolutionNode = FALSE
	EndGlobalSection
	GlobalSection(NestedProjects) = preSolution
		{DD5A7DC8-BBDC-49F8-855C-3C4CD27A0AAC} = {AC3579FB-C231-414C-B2CC-9152B9C87ABB}
		{31405E6B-F0C5-46F2-B881-4D8F70DF7391} = {ED398645-4E02-4907-974A-01C00A380A54}
		{5410184B-3DB8-460C-9EB6-30A3B3A4BDEB} = {AC3579FB-C231-414C-B2CC-9152B9C87ABB}
	EndGlobalSection
EndGlobal
